// !$*UTF8*$!
{
	archiveVersion = 1;
	classes = {
	};
	objectVersion = 56;
	objects = {

/* Begin PBXBuildFile section */
		050ECF9A2AF0D7D500535E37 /* AppDelegate.swift in Sources */ = {isa = PBXBuildFile; fileRef = 050ECF992AF0D7D500535E37 /* AppDelegate.swift */; };
		050ECF9C2AF0D7D500535E37 /* SceneDelegate.swift in Sources */ = {isa = PBXBuildFile; fileRef = 050ECF9B2AF0D7D500535E37 /* SceneDelegate.swift */; };
		050ECF9E2AF0D7D500535E37 /* ViewController.swift in Sources */ = {isa = PBXBuildFile; fileRef = 050ECF9D2AF0D7D500535E37 /* ViewController.swift */; };
		050ECFA32AF0D7D600535E37 /* Assets.xcassets in Resources */ = {isa = PBXBuildFile; fileRef = 050ECFA22AF0D7D600535E37 /* Assets.xcassets */; };
		050ECFA62AF0D7D600535E37 /* LaunchScreen.storyboard in Resources */ = {isa = PBXBuildFile; fileRef = 050ECFA42AF0D7D600535E37 /* LaunchScreen.storyboard */; };
		050ECFAE2AF0DC6A00535E37 /* CategoryView.swift in Sources */ = {isa = PBXBuildFile; fileRef = 050ECFAD2AF0DC6A00535E37 /* CategoryView.swift */; };
		050ECFB52AF1412600535E37 /* CanvasView.swift in Sources */ = {isa = PBXBuildFile; fileRef = 050ECFB42AF1412600535E37 /* CanvasView.swift */; };
		050ECFBB2AF1779900535E37 /* UIColor+Constants.swift in Sources */ = {isa = PBXBuildFile; fileRef = 050ECFBA2AF1779900535E37 /* UIColor+Constants.swift */; };
		050ECFBF2AF19E8B00535E37 /* TrackListTableView.swift in Sources */ = {isa = PBXBuildFile; fileRef = 050ECFBE2AF19E8B00535E37 /* TrackListTableView.swift */; };
		050ECFC12AF1A48A00535E37 /* ListViewCell.swift in Sources */ = {isa = PBXBuildFile; fileRef = 050ECFC02AF1A48A00535E37 /* ListViewCell.swift */; };
		051F6A342AF65B950058E47F /* Гитара 2.wav in Resources */ = {isa = PBXBuildFile; fileRef = 051F6A2F2AF65B940058E47F /* Гитара 2.wav */; };
		051F6A352AF65B950058E47F /* Духовые 1.wav in Resources */ = {isa = PBXBuildFile; fileRef = 051F6A302AF65B940058E47F /* Духовые 1.wav */; };
		051F6A362AF65B950058E47F /* Духовые 3.wav in Resources */ = {isa = PBXBuildFile; fileRef = 051F6A312AF65B940058E47F /* Духовые 3.wav */; };
		051F6A372AF65B950058E47F /* Гитара 1.wav in Resources */ = {isa = PBXBuildFile; fileRef = 051F6A322AF65B950058E47F /* Гитара 1.wav */; };
		051F6A382AF65B950058E47F /* Духовые 2.wav in Resources */ = {isa = PBXBuildFile; fileRef = 051F6A332AF65B950058E47F /* Духовые 2.wav */; };
		051F6A3A2AF710FA0058E47F /* Ударные 2.wav in Resources */ = {isa = PBXBuildFile; fileRef = 051F6A392AF710FA0058E47F /* Ударные 2.wav */; };
		05861FBE2AF504CC0036BD24 /* MicMonitor.swift in Sources */ = {isa = PBXBuildFile; fileRef = 05861FBD2AF504CC0036BD24 /* MicMonitor.swift */; };
		05861FC02AF537EE0036BD24 /* WaveformMaskView.swift in Sources */ = {isa = PBXBuildFile; fileRef = 05861FBF2AF537EE0036BD24 /* WaveformMaskView.swift */; };
		05AE05612AF7B43500921737 /* CategoryContainer.swift in Sources */ = {isa = PBXBuildFile; fileRef = 05AE05602AF7B43500921737 /* CategoryContainer.swift */; };
		05FCC1ED2AF2764200652274 /* Ударные 1.wav in Resources */ = {isa = PBXBuildFile; fileRef = 05FCC1EC2AF2764200652274 /* Ударные 1.wav */; };
		BAE822B62AF3AF3F005F1F60 /* Model.swift in Sources */ = {isa = PBXBuildFile; fileRef = BAE822B52AF3AF3F005F1F60 /* Model.swift */; };
/* End PBXBuildFile section */

/* Begin PBXFileReference section */
		050ECF962AF0D7D500535E37 /* YandexCup23.app */ = {isa = PBXFileReference; explicitFileType = wrapper.application; includeInIndex = 0; path = YandexCup23.app; sourceTree = BUILT_PRODUCTS_DIR; };
		050ECF992AF0D7D500535E37 /* AppDelegate.swift */ = {isa = PBXFileReference; lastKnownFileType = sourcecode.swift; path = AppDelegate.swift; sourceTree = "<group>"; };
		050ECF9B2AF0D7D500535E37 /* SceneDelegate.swift */ = {isa = PBXFileReference; lastKnownFileType = sourcecode.swift; path = SceneDelegate.swift; sourceTree = "<group>"; };
		050ECF9D2AF0D7D500535E37 /* ViewController.swift */ = {isa = PBXFileReference; lastKnownFileType = sourcecode.swift; path = ViewController.swift; sourceTree = "<group>"; };
		050ECFA22AF0D7D600535E37 /* Assets.xcassets */ = {isa = PBXFileReference; lastKnownFileType = folder.assetcatalog; path = Assets.xcassets; sourceTree = "<group>"; };
		050ECFA52AF0D7D600535E37 /* Base */ = {isa = PBXFileReference; lastKnownFileType = file.storyboard; name = Base; path = Base.lproj/LaunchScreen.storyboard; sourceTree = "<group>"; };
		050ECFA72AF0D7D600535E37 /* Info.plist */ = {isa = PBXFileReference; lastKnownFileType = text.plist.xml; path = Info.plist; sourceTree = "<group>"; };
		050ECFAD2AF0DC6A00535E37 /* CategoryView.swift */ = {isa = PBXFileReference; lastKnownFileType = sourcecode.swift; path = CategoryView.swift; sourceTree = "<group>"; };
		050ECFB42AF1412600535E37 /* CanvasView.swift */ = {isa = PBXFileReference; lastKnownFileType = sourcecode.swift; path = CanvasView.swift; sourceTree = "<group>"; };
		050ECFBA2AF1779900535E37 /* UIColor+Constants.swift */ = {isa = PBXFileReference; lastKnownFileType = sourcecode.swift; path = "UIColor+Constants.swift"; sourceTree = "<group>"; };
		050ECFBE2AF19E8B00535E37 /* TrackListTableView.swift */ = {isa = PBXFileReference; lastKnownFileType = sourcecode.swift; path = TrackListTableView.swift; sourceTree = "<group>"; };
		050ECFC02AF1A48A00535E37 /* ListViewCell.swift */ = {isa = PBXFileReference; lastKnownFileType = sourcecode.swift; path = ListViewCell.swift; sourceTree = "<group>"; };
		051F6A2F2AF65B940058E47F /* Гитара 2.wav */ = {isa = PBXFileReference; lastKnownFileType = audio.wav; path = "Гитара 2.wav"; sourceTree = "<group>"; };
		051F6A302AF65B940058E47F /* Духовые 1.wav */ = {isa = PBXFileReference; lastKnownFileType = audio.wav; path = "Духовые 1.wav"; sourceTree = "<group>"; };
		051F6A312AF65B940058E47F /* Духовые 3.wav */ = {isa = PBXFileReference; lastKnownFileType = audio.wav; path = "Духовые 3.wav"; sourceTree = "<group>"; };
		051F6A322AF65B950058E47F /* Гитара 1.wav */ = {isa = PBXFileReference; lastKnownFileType = audio.wav; path = "Гитара 1.wav"; sourceTree = "<group>"; };
		051F6A332AF65B950058E47F /* Духовые 2.wav */ = {isa = PBXFileReference; lastKnownFileType = audio.wav; path = "Духовые 2.wav"; sourceTree = "<group>"; };
		051F6A392AF710FA0058E47F /* Ударные 2.wav */ = {isa = PBXFileReference; lastKnownFileType = audio.wav; path = "Ударные 2.wav"; sourceTree = "<group>"; };
		05861FBD2AF504CC0036BD24 /* MicMonitor.swift */ = {isa = PBXFileReference; fileEncoding = 4; lastKnownFileType = sourcecode.swift; path = MicMonitor.swift; sourceTree = "<group>"; };
		05861FBF2AF537EE0036BD24 /* WaveformMaskView.swift */ = {isa = PBXFileReference; lastKnownFileType = sourcecode.swift; path = WaveformMaskView.swift; sourceTree = "<group>"; };
		05AE05602AF7B43500921737 /* CategoryContainer.swift */ = {isa = PBXFileReference; lastKnownFileType = sourcecode.swift; path = CategoryContainer.swift; sourceTree = "<group>"; };
		05FCC1EC2AF2764200652274 /* Ударные 1.wav */ = {isa = PBXFileReference; lastKnownFileType = audio.wav; path = "Ударные 1.wav"; sourceTree = "<group>"; };
		BAE822B52AF3AF3F005F1F60 /* Model.swift */ = {isa = PBXFileReference; lastKnownFileType = sourcecode.swift; path = Model.swift; sourceTree = "<group>"; };
/* End PBXFileReference section */

/* Begin PBXFrameworksBuildPhase section */
		050ECF932AF0D7D500535E37 /* Frameworks */ = {
			isa = PBXFrameworksBuildPhase;
			buildActionMask = 2147483647;
			files = (
			);
			runOnlyForDeploymentPostprocessing = 0;
		};
/* End PBXFrameworksBuildPhase section */

/* Begin PBXGroup section */
		050ECF8D2AF0D7D500535E37 = {
			isa = PBXGroup;
			children = (
				050ECF982AF0D7D500535E37 /* YandexCup23 */,
				050ECF972AF0D7D500535E37 /* Products */,
			);
			sourceTree = "<group>";
		};
		050ECF972AF0D7D500535E37 /* Products */ = {
			isa = PBXGroup;
			children = (
				050ECF962AF0D7D500535E37 /* YandexCup23.app */,
			);
			name = Products;
			sourceTree = "<group>";
		};
		050ECF982AF0D7D500535E37 /* YandexCup23 */ = {
			isa = PBXGroup;
			children = (
				05AE055D2AF7AFD800921737 /* Controller */,
				05AE055F2AF7B02600921737 /* Helpers */,
				05AE055C2AF7AFCF00921737 /* Model */,
				05AE055E2AF7AFE100921737 /* Resources */,
				05AE055B2AF7AFBB00921737 /* View */,
				050ECF9B2AF0D7D500535E37 /* SceneDelegate.swift */,
				050ECF992AF0D7D500535E37 /* AppDelegate.swift */,
				050ECFA72AF0D7D600535E37 /* Info.plist */,
			);
			path = YandexCup23;
			sourceTree = "<group>";
		};
		05AE055B2AF7AFBB00921737 /* View */ = {
			isa = PBXGroup;
			children = (
				050ECFB42AF1412600535E37 /* CanvasView.swift */,
				05AE05602AF7B43500921737 /* CategoryContainer.swift */,
				050ECFAD2AF0DC6A00535E37 /* CategoryView.swift */,
				050ECFC02AF1A48A00535E37 /* ListViewCell.swift */,
				05861FBD2AF504CC0036BD24 /* MicMonitor.swift */,
				050ECFBE2AF19E8B00535E37 /* TrackListTableView.swift */,
				05861FBF2AF537EE0036BD24 /* WaveformMaskView.swift */,
			);
			path = View;
			sourceTree = "<group>";
		};
		05AE055C2AF7AFCF00921737 /* Model */ = {
			isa = PBXGroup;
			children = (
				BAE822B52AF3AF3F005F1F60 /* Model.swift */,
			);
			path = Model;
			sourceTree = "<group>";
		};
		05AE055D2AF7AFD800921737 /* Controller */ = {
			isa = PBXGroup;
			children = (
				050ECF9D2AF0D7D500535E37 /* ViewController.swift */,
			);
			path = Controller;
			sourceTree = "<group>";
		};
		05AE055E2AF7AFE100921737 /* Resources */ = {
			isa = PBXGroup;
			children = (
				051F6A322AF65B950058E47F /* Гитара 1.wav */,
				051F6A2F2AF65B940058E47F /* Гитара 2.wav */,
				05FCC1EC2AF2764200652274 /* Ударные 1.wav */,
				051F6A392AF710FA0058E47F /* Ударные 2.wav */,
				051F6A302AF65B940058E47F /* Духовые 1.wav */,
				051F6A332AF65B950058E47F /* Духовые 2.wav */,
				051F6A312AF65B940058E47F /* Духовые 3.wav */,
				050ECFA22AF0D7D600535E37 /* Assets.xcassets */,
				050ECFA42AF0D7D600535E37 /* LaunchScreen.storyboard */,
			);
			path = Resources;
			sourceTree = "<group>";
		};
		05AE055F2AF7B02600921737 /* Helpers */ = {
			isa = PBXGroup;
			children = (
				050ECFBA2AF1779900535E37 /* UIColor+Constants.swift */,
			);
			path = Helpers;
			sourceTree = "<group>";
		};
/* End PBXGroup section */

/* Begin PBXNativeTarget section */
		050ECF952AF0D7D500535E37 /* YandexCup23 */ = {
			isa = PBXNativeTarget;
			buildConfigurationList = 050ECFAA2AF0D7D600535E37 /* Build configuration list for PBXNativeTarget "YandexCup23" */;
			buildPhases = (
				050ECF922AF0D7D500535E37 /* Sources */,
				050ECF932AF0D7D500535E37 /* Frameworks */,
				050ECF942AF0D7D500535E37 /* Resources */,
			);
			buildRules = (
			);
			dependencies = (
			);
			name = YandexCup23;
			productName = YandexCup23;
			productReference = 050ECF962AF0D7D500535E37 /* YandexCup23.app */;
			productType = "com.apple.product-type.application";
		};
/* End PBXNativeTarget section */

/* Begin PBXProject section */
		050ECF8E2AF0D7D500535E37 /* Project object */ = {
			isa = PBXProject;
			attributes = {
				BuildIndependentTargetsInParallel = 1;
				LastSwiftUpdateCheck = 1430;
				LastUpgradeCheck = 1430;
				TargetAttributes = {
					050ECF952AF0D7D500535E37 = {
						CreatedOnToolsVersion = 14.3.1;
					};
				};
			};
			buildConfigurationList = 050ECF912AF0D7D500535E37 /* Build configuration list for PBXProject "YandexCup23" */;
			compatibilityVersion = "Xcode 14.0";
			developmentRegion = en;
			hasScannedForEncodings = 0;
			knownRegions = (
				en,
				Base,
			);
			mainGroup = 050ECF8D2AF0D7D500535E37;
			productRefGroup = 050ECF972AF0D7D500535E37 /* Products */;
			projectDirPath = "";
			projectRoot = "";
			targets = (
				050ECF952AF0D7D500535E37 /* YandexCup23 */,
			);
		};
/* End PBXProject section */

/* Begin PBXResourcesBuildPhase section */
		050ECF942AF0D7D500535E37 /* Resources */ = {
			isa = PBXResourcesBuildPhase;
			buildActionMask = 2147483647;
			files = (
				051F6A352AF65B950058E47F /* Духовые 1.wav in Resources */,
				051F6A342AF65B950058E47F /* Гитара 2.wav in Resources */,
				050ECFA62AF0D7D600535E37 /* LaunchScreen.storyboard in Resources */,
				051F6A372AF65B950058E47F /* Гитара 1.wav in Resources */,
				051F6A382AF65B950058E47F /* Духовые 2.wav in Resources */,
				05FCC1ED2AF2764200652274 /* Ударные 1.wav in Resources */,
				050ECFA32AF0D7D600535E37 /* Assets.xcassets in Resources */,
				051F6A362AF65B950058E47F /* Духовые 3.wav in Resources */,
				051F6A3A2AF710FA0058E47F /* Ударные 2.wav in Resources */,
			);
			runOnlyForDeploymentPostprocessing = 0;
		};
/* End PBXResourcesBuildPhase section */

/* Begin PBXSourcesBuildPhase section */
		050ECF922AF0D7D500535E37 /* Sources */ = {
			isa = PBXSourcesBuildPhase;
			buildActionMask = 2147483647;
			files = (
				05AE05612AF7B43500921737 /* CategoryContainer.swift in Sources */,
				050ECFBF2AF19E8B00535E37 /* TrackListTableView.swift in Sources */,
				05861FC02AF537EE0036BD24 /* WaveformMaskView.swift in Sources */,
				050ECF9E2AF0D7D500535E37 /* ViewController.swift in Sources */,
				050ECF9A2AF0D7D500535E37 /* AppDelegate.swift in Sources */,
				050ECFBB2AF1779900535E37 /* UIColor+Constants.swift in Sources */,
				BAE822B62AF3AF3F005F1F60 /* Model.swift in Sources */,
				050ECFB52AF1412600535E37 /* CanvasView.swift in Sources */,
				050ECFC12AF1A48A00535E37 /* ListViewCell.swift in Sources */,
				05861FBE2AF504CC0036BD24 /* MicMonitor.swift in Sources */,
				050ECF9C2AF0D7D500535E37 /* SceneDelegate.swift in Sources */,
				050ECFAE2AF0DC6A00535E37 /* CategoryView.swift in Sources */,
			);
			runOnlyForDeploymentPostprocessing = 0;
		};
/* End PBXSourcesBuildPhase section */

/* Begin PBXVariantGroup section */
		050ECFA42AF0D7D600535E37 /* LaunchScreen.storyboard */ = {
			isa = PBXVariantGroup;
			children = (
				050ECFA52AF0D7D600535E37 /* Base */,
			);
			name = LaunchScreen.storyboard;
			sourceTree = "<group>";
		};
/* End PBXVariantGroup section */

/* Begin XCBuildConfiguration section */
		050ECFA82AF0D7D600535E37 /* Debug */ = {
			isa = XCBuildConfiguration;
			buildSettings = {
				ALWAYS_SEARCH_USER_PATHS = NO;
				CLANG_ANALYZER_NONNULL = YES;
				CLANG_ANALYZER_NUMBER_OBJECT_CONVERSION = YES_AGGRESSIVE;
				CLANG_CXX_LANGUAGE_STANDARD = "gnu++20";
				CLANG_ENABLE_MODULES = YES;
				CLANG_ENABLE_OBJC_ARC = YES;
				CLANG_ENABLE_OBJC_WEAK = YES;
				CLANG_WARN_BLOCK_CAPTURE_AUTORELEASING = YES;
				CLANG_WARN_BOOL_CONVERSION = YES;
				CLANG_WARN_COMMA = YES;
				CLANG_WARN_CONSTANT_CONVERSION = YES;
				CLANG_WARN_DEPRECATED_OBJC_IMPLEMENTATIONS = YES;
				CLANG_WARN_DIRECT_OBJC_ISA_USAGE = YES_ERROR;
				CLANG_WARN_DOCUMENTATION_COMMENTS = YES;
				CLANG_WARN_EMPTY_BODY = YES;
				CLANG_WARN_ENUM_CONVERSION = YES;
				CLANG_WARN_INFINITE_RECURSION = YES;
				CLANG_WARN_INT_CONVERSION = YES;
				CLANG_WARN_NON_LITERAL_NULL_CONVERSION = YES;
				CLANG_WARN_OBJC_IMPLICIT_RETAIN_SELF = YES;
				CLANG_WARN_OBJC_LITERAL_CONVERSION = YES;
				CLANG_WARN_OBJC_ROOT_CLASS = YES_ERROR;
				CLANG_WARN_QUOTED_INCLUDE_IN_FRAMEWORK_HEADER = YES;
				CLANG_WARN_RANGE_LOOP_ANALYSIS = YES;
				CLANG_WARN_STRICT_PROTOTYPES = YES;
				CLANG_WARN_SUSPICIOUS_MOVE = YES;
				CLANG_WARN_UNGUARDED_AVAILABILITY = YES_AGGRESSIVE;
				CLANG_WARN_UNREACHABLE_CODE = YES;
				CLANG_WARN__DUPLICATE_METHOD_MATCH = YES;
				COPY_PHASE_STRIP = NO;
				DEBUG_INFORMATION_FORMAT = dwarf;
				ENABLE_STRICT_OBJC_MSGSEND = YES;
				ENABLE_TESTABILITY = YES;
				GCC_C_LANGUAGE_STANDARD = gnu11;
				GCC_DYNAMIC_NO_PIC = NO;
				GCC_NO_COMMON_BLOCKS = YES;
				GCC_OPTIMIZATION_LEVEL = 0;
				GCC_PREPROCESSOR_DEFINITIONS = (
					"DEBUG=1",
					"$(inherited)",
				);
				GCC_WARN_64_TO_32_BIT_CONVERSION = YES;
				GCC_WARN_ABOUT_RETURN_TYPE = YES_ERROR;
				GCC_WARN_UNDECLARED_SELECTOR = YES;
				GCC_WARN_UNINITIALIZED_AUTOS = YES_AGGRESSIVE;
				GCC_WARN_UNUSED_FUNCTION = YES;
				GCC_WARN_UNUSED_VARIABLE = YES;
				IPHONEOS_DEPLOYMENT_TARGET = 16.4;
				MTL_ENABLE_DEBUG_INFO = INCLUDE_SOURCE;
				MTL_FAST_MATH = YES;
				ONLY_ACTIVE_ARCH = YES;
				SDKROOT = iphoneos;
				SWIFT_ACTIVE_COMPILATION_CONDITIONS = DEBUG;
				SWIFT_OPTIMIZATION_LEVEL = "-Onone";
			};
			name = Debug;
		};
		050ECFA92AF0D7D600535E37 /* Release */ = {
			isa = XCBuildConfiguration;
			buildSettings = {
				ALWAYS_SEARCH_USER_PATHS = NO;
				CLANG_ANALYZER_NONNULL = YES;
				CLANG_ANALYZER_NUMBER_OBJECT_CONVERSION = YES_AGGRESSIVE;
				CLANG_CXX_LANGUAGE_STANDARD = "gnu++20";
				CLANG_ENABLE_MODULES = YES;
				CLANG_ENABLE_OBJC_ARC = YES;
				CLANG_ENABLE_OBJC_WEAK = YES;
				CLANG_WARN_BLOCK_CAPTURE_AUTORELEASING = YES;
				CLANG_WARN_BOOL_CONVERSION = YES;
				CLANG_WARN_COMMA = YES;
				CLANG_WARN_CONSTANT_CONVERSION = YES;
				CLANG_WARN_DEPRECATED_OBJC_IMPLEMENTATIONS = YES;
				CLANG_WARN_DIRECT_OBJC_ISA_USAGE = YES_ERROR;
				CLANG_WARN_DOCUMENTATION_COMMENTS = YES;
				CLANG_WARN_EMPTY_BODY = YES;
				CLANG_WARN_ENUM_CONVERSION = YES;
				CLANG_WARN_INFINITE_RECURSION = YES;
				CLANG_WARN_INT_CONVERSION = YES;
				CLANG_WARN_NON_LITERAL_NULL_CONVERSION = YES;
				CLANG_WARN_OBJC_IMPLICIT_RETAIN_SELF = YES;
				CLANG_WARN_OBJC_LITERAL_CONVERSION = YES;
				CLANG_WARN_OBJC_ROOT_CLASS = YES_ERROR;
				CLANG_WARN_QUOTED_INCLUDE_IN_FRAMEWORK_HEADER = YES;
				CLANG_WARN_RANGE_LOOP_ANALYSIS = YES;
				CLANG_WARN_STRICT_PROTOTYPES = YES;
				CLANG_WARN_SUSPICIOUS_MOVE = YES;
				CLANG_WARN_UNGUARDED_AVAILABILITY = YES_AGGRESSIVE;
				CLANG_WARN_UNREACHABLE_CODE = YES;
				CLANG_WARN__DUPLICATE_METHOD_MATCH = YES;
				COPY_PHASE_STRIP = NO;
				DEBUG_INFORMATION_FORMAT = "dwarf-with-dsym";
				ENABLE_NS_ASSERTIONS = NO;
				ENABLE_STRICT_OBJC_MSGSEND = YES;
				GCC_C_LANGUAGE_STANDARD = gnu11;
				GCC_NO_COMMON_BLOCKS = YES;
				GCC_WARN_64_TO_32_BIT_CONVERSION = YES;
				GCC_WARN_ABOUT_RETURN_TYPE = YES_ERROR;
				GCC_WARN_UNDECLARED_SELECTOR = YES;
				GCC_WARN_UNINITIALIZED_AUTOS = YES_AGGRESSIVE;
				GCC_WARN_UNUSED_FUNCTION = YES;
				GCC_WARN_UNUSED_VARIABLE = YES;
				IPHONEOS_DEPLOYMENT_TARGET = 16.4;
				MTL_ENABLE_DEBUG_INFO = NO;
				MTL_FAST_MATH = YES;
				SDKROOT = iphoneos;
				SWIFT_COMPILATION_MODE = wholemodule;
				SWIFT_OPTIMIZATION_LEVEL = "-O";
				VALIDATE_PRODUCT = YES;
			};
			name = Release;
		};
		050ECFAB2AF0D7D600535E37 /* Debug */ = {
			isa = XCBuildConfiguration;
			buildSettings = {
				ASSETCATALOG_COMPILER_APPICON_NAME = AppIcon;
				ASSETCATALOG_COMPILER_GLOBAL_ACCENT_COLOR_NAME = AccentColor;
				CODE_SIGN_STYLE = Automatic;
				CURRENT_PROJECT_VERSION = 1;
				DEVELOPMENT_TEAM = BJ3L884KZL;
				GENERATE_INFOPLIST_FILE = YES;
				INFOPLIST_FILE = YandexCup23/Info.plist;
				INFOPLIST_KEY_NSMicrophoneUsageDescription = "Для записи вокала понадобится доступ к микрофону";
				INFOPLIST_KEY_UIApplicationSupportsIndirectInputEvents = YES;
				INFOPLIST_KEY_UILaunchStoryboardName = LaunchScreen;
				INFOPLIST_KEY_UIMainStoryboardFile = "";
				INFOPLIST_KEY_UISupportedInterfaceOrientations = UIInterfaceOrientationPortrait;
				INFOPLIST_KEY_UISupportedInterfaceOrientations_iPad = "UIInterfaceOrientationLandscapeLeft UIInterfaceOrientationLandscapeRight UIInterfaceOrientationPortrait UIInterfaceOrientationPortraitUpsideDown";
				IPHONEOS_DEPLOYMENT_TARGET = 16.0;
				LD_RUNPATH_SEARCH_PATHS = (
					"$(inherited)",
					"@executable_path/Frameworks",
				);
				MARKETING_VERSION = 1.0;
				PRODUCT_BUNDLE_IDENTIFIER = com.zankov.YandexCup23;
				PRODUCT_NAME = "$(TARGET_NAME)";
				SUPPORTED_PLATFORMS = "iphoneos iphonesimulator";
				SUPPORTS_MACCATALYST = NO;
				SUPPORTS_MAC_DESIGNED_FOR_IPHONE_IPAD = NO;
				SWIFT_EMIT_LOC_STRINGS = YES;
				SWIFT_VERSION = 5.0;
				TARGETED_DEVICE_FAMILY = 1;
			};
			name = Debug;
		};
		050ECFAC2AF0D7D600535E37 /* Release */ = {
			isa = XCBuildConfiguration;
			buildSettings = {
				ASSETCATALOG_COMPILER_APPICON_NAME = AppIcon;
				ASSETCATALOG_COMPILER_GLOBAL_ACCENT_COLOR_NAME = AccentColor;
				CODE_SIGN_STYLE = Automatic;
				CURRENT_PROJECT_VERSION = 1;
				DEVELOPMENT_TEAM = BJ3L884KZL;
				GENERATE_INFOPLIST_FILE = YES;
				INFOPLIST_FILE = YandexCup23/Info.plist;
				INFOPLIST_KEY_NSMicrophoneUsageDescription = "Для записи вокала понадобится доступ к микрофону";
				INFOPLIST_KEY_UIApplicationSupportsIndirectInputEvents = YES;
				INFOPLIST_KEY_UILaunchStoryboardName = LaunchScreen;
				INFOPLIST_KEY_UIMainStoryboardFile = "";
				INFOPLIST_KEY_UISupportedInterfaceOrientations = UIInterfaceOrientationPortrait;
				INFOPLIST_KEY_UISupportedInterfaceOrientations_iPad = "UIInterfaceOrientationLandscapeLeft UIInterfaceOrientationLandscapeRight UIInterfaceOrientationPortrait UIInterfaceOrientationPortraitUpsideDown";
				IPHONEOS_DEPLOYMENT_TARGET = 16.0;
				LD_RUNPATH_SEARCH_PATHS = (
					"$(inherited)",
					"@executable_path/Frameworks",
				);
				MARKETING_VERSION = 1.0;
				PRODUCT_BUNDLE_IDENTIFIER = com.zankov.YandexCup23;
				PRODUCT_NAME = "$(TARGET_NAME)";
				SUPPORTED_PLATFORMS = "iphoneos iphonesimulator";
				SUPPORTS_MACCATALYST = NO;
				SUPPORTS_MAC_DESIGNED_FOR_IPHONE_IPAD = NO;
				SWIFT_EMIT_LOC_STRINGS = YES;
				SWIFT_VERSION = 5.0;
				TARGETED_DEVICE_FAMILY = 1;
			};
			name = Release;
		};
/* End XCBuildConfiguration section */

/* Begin XCConfigurationList section */
		050ECF912AF0D7D500535E37 /* Build configuration list for PBXProject "YandexCup23" */ = {
			isa = XCConfigurationList;
			buildConfigurations = (
				050ECFA82AF0D7D600535E37 /* Debug */,
				050ECFA92AF0D7D600535E37 /* Release */,
			);
			defaultConfigurationIsVisible = 0;
			defaultConfigurationName = Release;
		};
		050ECFAA2AF0D7D600535E37 /* Build configuration list for PBXNativeTarget "YandexCup23" */ = {
			isa = XCConfigurationList;
			buildConfigurations = (
				050ECFAB2AF0D7D600535E37 /* Debug */,
				050ECFAC2AF0D7D600535E37 /* Release */,
			);
			defaultConfigurationIsVisible = 0;
			defaultConfigurationName = Release;
		};
/* End XCConfigurationList section */
	};
	rootObject = 050ECF8E2AF0D7D500535E37 /* Project object */;
}
